
Microsoft Visual Studio Solution File, Format Version 12.00
# Visual Studio 15
VisualStudioVersion = 15.0.28307.421
MinimumVisualStudioVersion = 10.0.40219.1
Project("{FAE04EC0-301F-11D3-BF4B-00C04F79EFBC}") = "Tech.Data", "Tech.Data\Tech.Data.csproj", "{6605498E-3BE2-4B50-AF67-D5A9084A5F00}"
EndProject
Project("{FAE04EC0-301F-11D3-BF4B-00C04F79EFBC}") = "Tech.Test", "Tech.Test\Tech.Test.csproj", "{C5A462E4-1A5D-4D7F-99BD-219100EF8B69}"
EndProject
Project("{FAE04EC0-301F-11D3-BF4B-00C04F79EFBC}") = "Tech.Console", "Tech.Console\Tech.Console.csproj", "{2900FF39-DA42-47C3-9A44-33FB603D0269}"
EndProject
Project("{FAE04EC0-301F-11D3-BF4B-00C04F79EFBC}") = "Tech.DataAccess", "Tech.DataAccess\Tech.DataAccess.csproj", "{F48C5744-01FC-435C-81A6-DE04BEE5E2F2}"
EndProject
Project("{FAE04EC0-301F-11D3-BF4B-00C04F79EFBC}") = "Tech.QScript", "Tech.QScript\Tech.QScript.csproj", "{0A03DAF8-213B-43B0-B704-4E032CAEA07F}"
EndProject
Project("{FAE04EC0-301F-11D3-BF4B-00C04F79EFBC}") = "Tz.BackApp", "Tech.App\Tz.BackApp.csproj", "{419456FC-3703-40C3-A562-7D91CF6A377A}"
EndProject
Project("{FAE04EC0-301F-11D3-BF4B-00C04F79EFBC}") = "Tz.Net", "Tz.Net\Tz.Net.csproj", "{55AB9F49-FA31-4EC1-B4E9-589A915EE221}"
EndProject
Project("{FAE04EC0-301F-11D3-BF4B-00C04F79EFBC}") = "Tz.Data", "Tz.Data\Tz.Data.csproj", "{A25EB976-3DB6-4DE4-8EA6-5D33E6CB5867}"
EndProject
Global
	GlobalSection(SolutionConfigurationPlatforms) = preSolution
		Debug|Any CPU = Debug|Any CPU
		Release|Any CPU = Release|Any CPU
	EndGlobalSection
	GlobalSection(ProjectConfigurationPlatforms) = postSolution
		{6605498E-3BE2-4B50-AF67-D5A9084A5F00}.Debug|Any CPU.ActiveCfg = Debug|Any CPU
		{6605498E-3BE2-4B50-AF67-D5A9084A5F00}.Debug|Any CPU.Build.0 = Debug|Any CPU
		{6605498E-3BE2-4B50-AF67-D5A9084A5F00}.Release|Any CPU.ActiveCfg = Release|Any CPU
		{6605498E-3BE2-4B50-AF67-D5A9084A5F00}.Release|Any CPU.Build.0 = Release|Any CPU
		{C5A462E4-1A5D-4D7F-99BD-219100EF8B69}.Debug|Any CPU.ActiveCfg = Debug|Any CPU
		{C5A462E4-1A5D-4D7F-99BD-219100EF8B69}.Debug|Any CPU.Build.0 = Debug|Any CPU
		{C5A462E4-1A5D-4D7F-99BD-219100EF8B69}.Release|Any CPU.ActiveCfg = Release|Any CPU
		{C5A462E4-1A5D-4D7F-99BD-219100EF8B69}.Release|Any CPU.Build.0 = Release|Any CPU
		{2900FF39-DA42-47C3-9A44-33FB603D0269}.Debug|Any CPU.ActiveCfg = Debug|Any CPU
		{2900FF39-DA42-47C3-9A44-33FB603D0269}.Debug|Any CPU.Build.0 = Debug|Any CPU
		{2900FF39-DA42-47C3-9A44-33FB603D0269}.Release|Any CPU.ActiveCfg = Release|Any CPU
		{2900FF39-DA42-47C3-9A44-33FB603D0269}.Release|Any CPU.Build.0 = Release|Any CPU
		{F48C5744-01FC-435C-81A6-DE04BEE5E2F2}.Debug|Any CPU.ActiveCfg = Debug|Any CPU
		{F48C5744-01FC-435C-81A6-DE04BEE5E2F2}.Debug|Any CPU.Build.0 = Debug|Any CPU
		{F48C5744-01FC-435C-81A6-DE04BEE5E2F2}.Release|Any CPU.ActiveCfg = Release|Any CPU
		{F48C5744-01FC-435C-81A6-DE04BEE5E2F2}.Release|Any CPU.Build.0 = Release|Any CPU
		{0A03DAF8-213B-43B0-B704-4E032CAEA07F}.Debug|Any CPU.ActiveCfg = Debug|Any CPU
		{0A03DAF8-213B-43B0-B704-4E032CAEA07F}.Debug|Any CPU.Build.0 = Debug|Any CPU
		{0A03DAF8-213B-43B0-B704-4E032CAEA07F}.Release|Any CPU.ActiveCfg = Release|Any CPU
		{0A03DAF8-213B-43B0-B704-4E032CAEA07F}.Release|Any CPU.Build.0 = Release|Any CPU
		{419456FC-3703-40C3-A562-7D91CF6A377A}.Debug|Any CPU.ActiveCfg = Debug|Any CPU
		{419456FC-3703-40C3-A562-7D91CF6A377A}.Debug|Any CPU.Build.0 = Debug|Any CPU
		{419456FC-3703-40C3-A562-7D91CF6A377A}.Release|Any CPU.ActiveCfg = Release|Any CPU
		{419456FC-3703-40C3-A562-7D91CF6A377A}.Release|Any CPU.Build.0 = Release|Any CPU
		{55AB9F49-FA31-4EC1-B4E9-589A915EE221}.Debug|Any CPU.ActiveCfg = Debug|Any CPU
		{55AB9F49-FA31-4EC1-B4E9-589A915EE221}.Debug|Any CPU.Build.0 = Debug|Any CPU
		{55AB9F49-FA31-4EC1-B4E9-589A915EE221}.Release|Any CPU.ActiveCfg = Release|Any CPU
		{55AB9F49-FA31-4EC1-B4E9-589A915EE221}.Release|Any CPU.Build.0 = Release|Any CPU
		{A25EB976-3DB6-4DE4-8EA6-5D33E6CB5867}.Debug|Any CPU.ActiveCfg = Debug|Any CPU
		{A25EB976-3DB6-4DE4-8EA6-5D33E6CB5867}.Debug|Any CPU.Build.0 = Debug|Any CPU
		{A25EB976-3DB6-4DE4-8EA6-5D33E6CB5867}.Release|Any CPU.ActiveCfg = Release|Any CPU
		{A25EB976-3DB6-4DE4-8EA6-5D33E6CB5867}.Release|Any CPU.Build.0 = Release|Any CPU
	EndGlobalSection
	GlobalSection(SolutionProperties) = preSolution
		HideSolutionNode = FALSE
	EndGlobalSection
	GlobalSection(ExtensibilityGlobals) = postSolution
		SolutionGuid = {D17FF487-A941-436A-A859-B17DCC37D0DD}
	EndGlobalSection
EndGlobal
