
Microsoft Visual Studio Solution File, Format Version 12.00
# Visual Studio 15
VisualStudioVersion = 15.0.28307.421
MinimumVisualStudioVersion = 10.0.40219.1
Project("{FAE04EC0-301F-11D3-BF4B-00C04F79EFBC}") = "Tech.Data", "Tech.Data\Tech.Data.csproj", "{6605498E-3BE2-4B50-AF67-D5A9084A5F00}"
EndProject
Project("{FAE04EC0-301F-11D3-BF4B-00C04F79EFBC}") = "Tech.Test", "Tech.Test\Tech.Test.csproj", "{C5A462E4-1A5D-4D7F-99BD-219100EF8B69}"
EndProject
Project("{FAE04EC0-301F-11D3-BF4B-00C04F79EFBC}") = "Tech.Console", "Tech.Console\Tech.Console.csproj", "{2900FF39-DA42-47C3-9A44-33FB603D0269}"
EndProject
Project("{FAE04EC0-301F-11D3-BF4B-00C04F79EFBC}") = "Tech.DataAccess", "Tech.DataAccess\Tech.DataAccess.csproj", "{F48C5744-01FC-435C-81A6-DE04BEE5E2F2}"
EndProject
Project("{FAE04EC0-301F-11D3-BF4B-00C04F79EFBC}") = "Tech.QScript", "Tech.QScript\Tech.QScript.csproj", "{0A03DAF8-213B-43B0-B704-4E032CAEA07F}"
EndProject
Project("{FAE04EC0-301F-11D3-BF4B-00C04F79EFBC}") = "Tz.BackApp", "Tech.App\Tz.BackApp.csproj", "{419456FC-3703-40C3-A562-7D91CF6A377A}"
EndProject
Project("{FAE04EC0-301F-11D3-BF4B-00C04F79EFBC}") = "Tz.Net", "Tz.Net\Tz.Net.csproj", "{55AB9F49-FA31-4EC1-B4E9-589A915EE221}"
EndProject
Project("{FAE04EC0-301F-11D3-BF4B-00C04F79EFBC}") = "Tz.Data", "Tz.Data\Tz.Data.csproj", "{A25EB976-3DB6-4DE4-8EA6-5D33E6CB5867}"
EndProject
Project("{9A19103F-16F7-4668-BE54-9A1E7A4F7556}") = "Tz.Core", "Tz.Core\Tz.Core.csproj", "{67584EE3-663A-48FB-9CDE-AE164063EA09}"
EndProject
Project("{FAE04EC0-301F-11D3-BF4B-00C04F79EFBC}") = "Tz.DataScriptManager", "Tz.DataScriptManager\Tz.DataScriptManager.csproj", "{CD38938A-54FF-4CC8-90C5-9C18AB013B09}"
EndProject
Project("{FAE04EC0-301F-11D3-BF4B-00C04F79EFBC}") = "Tz.DataService", "Tz.DataService\Tz.DataService.csproj", "{1406B0B3-3C1A-45C3-A5A0-5D79A5129D0F}"
EndProject
Project("{9A19103F-16F7-4668-BE54-9A1E7A4F7556}") = "MySqlBackup(NetStandard)", "MySqlBackup\MySqlBackup(NetStandard).csproj", "{A2FB5FA1-D842-46D9-AEFE-646D95A6B642}"
EndProject
Project("{FAE04EC0-301F-11D3-BF4B-00C04F79EFBC}") = "Tz.Cache", "Tz.Cache\Tz.Cache.csproj", "{DA90C649-2BF1-4E26-B5E5-0CA76880780D}"
EndProject
Project("{FAE04EC0-301F-11D3-BF4B-00C04F79EFBC}") = "Tz.Security", "Tz.Security\Tz.Security.csproj", "{C0C78509-EBFD-4FFD-B633-B2EE45156BC5}"
EndProject
Project("{FAE04EC0-301F-11D3-BF4B-00C04F79EFBC}") = "Tz.Global", "Tz.Global\Tz.Global.csproj", "{27D9546B-9499-425B-AC56-602E9CF7BD8A}"
EndProject
Project("{FAE04EC0-301F-11D3-BF4B-00C04F79EFBC}") = "Tz.Deployment", "Tz.Deployment\Tz.Deployment.csproj", "{94D557C7-2266-45D8-8F34-A452BE086811}"
EndProject
Project("{FAE04EC0-301F-11D3-BF4B-00C04F79EFBC}") = "Tz.ClientManager", "Tz.ClientManager\Tz.ClientManager.csproj", "{0F9E9E96-DB86-46EF-8A33-C900716C0712}"
EndProject
Global
	GlobalSection(SolutionConfigurationPlatforms) = preSolution
		Debug|Any CPU = Debug|Any CPU
		Release|Any CPU = Release|Any CPU
	EndGlobalSection
	GlobalSection(ProjectConfigurationPlatforms) = postSolution
		{6605498E-3BE2-4B50-AF67-D5A9084A5F00}.Debug|Any CPU.ActiveCfg = Debug|Any CPU
		{6605498E-3BE2-4B50-AF67-D5A9084A5F00}.Debug|Any CPU.Build.0 = Debug|Any CPU
		{6605498E-3BE2-4B50-AF67-D5A9084A5F00}.Release|Any CPU.ActiveCfg = Release|Any CPU
		{6605498E-3BE2-4B50-AF67-D5A9084A5F00}.Release|Any CPU.Build.0 = Release|Any CPU
		{C5A462E4-1A5D-4D7F-99BD-219100EF8B69}.Debug|Any CPU.ActiveCfg = Debug|Any CPU
		{C5A462E4-1A5D-4D7F-99BD-219100EF8B69}.Debug|Any CPU.Build.0 = Debug|Any CPU
		{C5A462E4-1A5D-4D7F-99BD-219100EF8B69}.Release|Any CPU.ActiveCfg = Release|Any CPU
		{C5A462E4-1A5D-4D7F-99BD-219100EF8B69}.Release|Any CPU.Build.0 = Release|Any CPU
		{2900FF39-DA42-47C3-9A44-33FB603D0269}.Debug|Any CPU.ActiveCfg = Debug|Any CPU
		{2900FF39-DA42-47C3-9A44-33FB603D0269}.Debug|Any CPU.Build.0 = Debug|Any CPU
		{2900FF39-DA42-47C3-9A44-33FB603D0269}.Release|Any CPU.ActiveCfg = Release|Any CPU
		{2900FF39-DA42-47C3-9A44-33FB603D0269}.Release|Any CPU.Build.0 = Release|Any CPU
		{F48C5744-01FC-435C-81A6-DE04BEE5E2F2}.Debug|Any CPU.ActiveCfg = Debug|Any CPU
		{F48C5744-01FC-435C-81A6-DE04BEE5E2F2}.Debug|Any CPU.Build.0 = Debug|Any CPU
		{F48C5744-01FC-435C-81A6-DE04BEE5E2F2}.Release|Any CPU.ActiveCfg = Release|Any CPU
		{F48C5744-01FC-435C-81A6-DE04BEE5E2F2}.Release|Any CPU.Build.0 = Release|Any CPU
		{0A03DAF8-213B-43B0-B704-4E032CAEA07F}.Debug|Any CPU.ActiveCfg = Debug|Any CPU
		{0A03DAF8-213B-43B0-B704-4E032CAEA07F}.Debug|Any CPU.Build.0 = Debug|Any CPU
		{0A03DAF8-213B-43B0-B704-4E032CAEA07F}.Release|Any CPU.ActiveCfg = Release|Any CPU
		{0A03DAF8-213B-43B0-B704-4E032CAEA07F}.Release|Any CPU.Build.0 = Release|Any CPU
		{419456FC-3703-40C3-A562-7D91CF6A377A}.Debug|Any CPU.ActiveCfg = Debug|Any CPU
		{419456FC-3703-40C3-A562-7D91CF6A377A}.Debug|Any CPU.Build.0 = Debug|Any CPU
		{419456FC-3703-40C3-A562-7D91CF6A377A}.Release|Any CPU.ActiveCfg = Release|Any CPU
		{419456FC-3703-40C3-A562-7D91CF6A377A}.Release|Any CPU.Build.0 = Release|Any CPU
		{55AB9F49-FA31-4EC1-B4E9-589A915EE221}.Debug|Any CPU.ActiveCfg = Debug|Any CPU
		{55AB9F49-FA31-4EC1-B4E9-589A915EE221}.Debug|Any CPU.Build.0 = Debug|Any CPU
		{55AB9F49-FA31-4EC1-B4E9-589A915EE221}.Release|Any CPU.ActiveCfg = Release|Any CPU
		{55AB9F49-FA31-4EC1-B4E9-589A915EE221}.Release|Any CPU.Build.0 = Release|Any CPU
		{A25EB976-3DB6-4DE4-8EA6-5D33E6CB5867}.Debug|Any CPU.ActiveCfg = Debug|Any CPU
		{A25EB976-3DB6-4DE4-8EA6-5D33E6CB5867}.Debug|Any CPU.Build.0 = Debug|Any CPU
		{A25EB976-3DB6-4DE4-8EA6-5D33E6CB5867}.Release|Any CPU.ActiveCfg = Release|Any CPU
		{A25EB976-3DB6-4DE4-8EA6-5D33E6CB5867}.Release|Any CPU.Build.0 = Release|Any CPU
		{67584EE3-663A-48FB-9CDE-AE164063EA09}.Debug|Any CPU.ActiveCfg = Debug|Any CPU
		{67584EE3-663A-48FB-9CDE-AE164063EA09}.Debug|Any CPU.Build.0 = Debug|Any CPU
		{67584EE3-663A-48FB-9CDE-AE164063EA09}.Release|Any CPU.ActiveCfg = Release|Any CPU
		{67584EE3-663A-48FB-9CDE-AE164063EA09}.Release|Any CPU.Build.0 = Release|Any CPU
		{CD38938A-54FF-4CC8-90C5-9C18AB013B09}.Debug|Any CPU.ActiveCfg = Debug|Any CPU
		{CD38938A-54FF-4CC8-90C5-9C18AB013B09}.Debug|Any CPU.Build.0 = Debug|Any CPU
		{CD38938A-54FF-4CC8-90C5-9C18AB013B09}.Release|Any CPU.ActiveCfg = Release|Any CPU
		{CD38938A-54FF-4CC8-90C5-9C18AB013B09}.Release|Any CPU.Build.0 = Release|Any CPU
		{1406B0B3-3C1A-45C3-A5A0-5D79A5129D0F}.Debug|Any CPU.ActiveCfg = Debug|Any CPU
		{1406B0B3-3C1A-45C3-A5A0-5D79A5129D0F}.Debug|Any CPU.Build.0 = Debug|Any CPU
		{1406B0B3-3C1A-45C3-A5A0-5D79A5129D0F}.Release|Any CPU.ActiveCfg = Release|Any CPU
		{1406B0B3-3C1A-45C3-A5A0-5D79A5129D0F}.Release|Any CPU.Build.0 = Release|Any CPU
		{A2FB5FA1-D842-46D9-AEFE-646D95A6B642}.Debug|Any CPU.ActiveCfg = Debug|Any CPU
		{A2FB5FA1-D842-46D9-AEFE-646D95A6B642}.Debug|Any CPU.Build.0 = Debug|Any CPU
		{A2FB5FA1-D842-46D9-AEFE-646D95A6B642}.Release|Any CPU.ActiveCfg = Release|Any CPU
		{A2FB5FA1-D842-46D9-AEFE-646D95A6B642}.Release|Any CPU.Build.0 = Release|Any CPU
		{DA90C649-2BF1-4E26-B5E5-0CA76880780D}.Debug|Any CPU.ActiveCfg = Debug|Any CPU
		{DA90C649-2BF1-4E26-B5E5-0CA76880780D}.Debug|Any CPU.Build.0 = Debug|Any CPU
		{DA90C649-2BF1-4E26-B5E5-0CA76880780D}.Release|Any CPU.ActiveCfg = Release|Any CPU
		{DA90C649-2BF1-4E26-B5E5-0CA76880780D}.Release|Any CPU.Build.0 = Release|Any CPU
		{C0C78509-EBFD-4FFD-B633-B2EE45156BC5}.Debug|Any CPU.ActiveCfg = Debug|Any CPU
		{C0C78509-EBFD-4FFD-B633-B2EE45156BC5}.Debug|Any CPU.Build.0 = Debug|Any CPU
		{C0C78509-EBFD-4FFD-B633-B2EE45156BC5}.Release|Any CPU.ActiveCfg = Release|Any CPU
		{C0C78509-EBFD-4FFD-B633-B2EE45156BC5}.Release|Any CPU.Build.0 = Release|Any CPU
		{27D9546B-9499-425B-AC56-602E9CF7BD8A}.Debug|Any CPU.ActiveCfg = Debug|Any CPU
		{27D9546B-9499-425B-AC56-602E9CF7BD8A}.Debug|Any CPU.Build.0 = Debug|Any CPU
		{27D9546B-9499-425B-AC56-602E9CF7BD8A}.Release|Any CPU.ActiveCfg = Release|Any CPU
		{27D9546B-9499-425B-AC56-602E9CF7BD8A}.Release|Any CPU.Build.0 = Release|Any CPU
		{94D557C7-2266-45D8-8F34-A452BE086811}.Debug|Any CPU.ActiveCfg = Debug|Any CPU
		{94D557C7-2266-45D8-8F34-A452BE086811}.Debug|Any CPU.Build.0 = Debug|Any CPU
		{94D557C7-2266-45D8-8F34-A452BE086811}.Release|Any CPU.ActiveCfg = Release|Any CPU
		{94D557C7-2266-45D8-8F34-A452BE086811}.Release|Any CPU.Build.0 = Release|Any CPU
		{0F9E9E96-DB86-46EF-8A33-C900716C0712}.Debug|Any CPU.ActiveCfg = Debug|Any CPU
		{0F9E9E96-DB86-46EF-8A33-C900716C0712}.Debug|Any CPU.Build.0 = Debug|Any CPU
		{0F9E9E96-DB86-46EF-8A33-C900716C0712}.Release|Any CPU.ActiveCfg = Release|Any CPU
		{0F9E9E96-DB86-46EF-8A33-C900716C0712}.Release|Any CPU.Build.0 = Release|Any CPU
	EndGlobalSection
	GlobalSection(SolutionProperties) = preSolution
		HideSolutionNode = FALSE
	EndGlobalSection
	GlobalSection(ExtensibilityGlobals) = postSolution
		SolutionGuid = {D17FF487-A941-436A-A859-B17DCC37D0DD}
	EndGlobalSection
EndGlobal
